<?xml version="1.0" encoding="utf-8"?>
<Project ToolsVersion="4.0" xmlns="http://schemas.microsoft.com/developer/msbuild/2003">
  <ItemGroup>
    <Filter Include="Source Files">
      <UniqueIdentifier>{4FC737F1-C7A5-4376-A066-2A32D752A2FF}</UniqueIdentifier>
      <Extensions>cpp;c;cc;cxx;c++;cppm;ixx;def;odl;idl;hpj;bat;asm;asmx</Extensions>
    </Filter>
    <Filter Include="Header Files">
      <UniqueIdentifier>{93995380-89BD-4b04-88EB-625FBE52EBFB}</UniqueIdentifier>
      <Extensions>h;hh;hpp;hxx;h++;hm;inl;inc;ipp;xsd</Extensions>
    </Filter>
    <Filter Include="Resource Files">
      <UniqueIdentifier>{67DA6AB6-F800-4c08-8B7A-83BB121AAD01}</UniqueIdentifier>
      <Extensions>rc;ico;cur;bmp;dlg;rc2;rct;bin;rgs;gif;jpg;jpeg;jpe;resx;tiff;tif;png;wav;mfcribbon-ms</Extensions>
    </Filter>
    <Filter Include="Source Files\Security">
      <UniqueIdentifier>{e0f5cd92-185b-4fd0-9168-91208ce73efb}</UniqueIdentifier>
    </Filter>
    <Filter Include="kdmapper">
      <UniqueIdentifier>{3c9dfb1c-9d9e-43a2-88bb-4166127d9d9c}</UniqueIdentifier>
    </Filter>
  </ItemGroup>
  <ItemGroup>
    <ClCompile Include="zulxk spoofer.cpp">
      <Filter>Source Files</Filter>
    </ClCompile>
    <ClCompile Include="..\kdmaper\intel_driver.cpp">
      <Filter>kdmapper</Filter>
    </ClCompile>
    <ClCompile Include="..\kdmaper\kdmapper.cpp">
      <Filter>kdmapper</Filter>
    </ClCompile>
    <ClCompile Include="..\kdmaper\portable_executable.cpp">
      <Filter>kdmapper</Filter>
    </ClCompile>
    <ClCompile Include="..\kdmaper\service.cpp">
      <Filter>kdmapper</Filter>
    </ClCompile>
    <ClCompile Include="..\kdmaper\utils.cpp">
      <Filter>kdmapper</Filter>
    </ClCompile>
  </ItemGroup>
  <ItemGroup>
    <ClInclude Include="skStr.h">
      <Filter>Source Files\Security</Filter>
    </ClInclude>
    <ClInclude Include="..\..\..\skCrypter-master\files\skCrypter.h">
      <Filter>Source Files</Filter>
    </ClInclude>
    <ClInclude Include="..\Obsidium Sdk\keygen64.h">
      <Filter>Source Files</Filter>
    </ClInclude>
    <ClInclude Include="..\Obsidium Sdk\obsidium.h">
      <Filter>Source Files</Filter>
    </ClInclude>
    <ClInclude Include="..\Obsidium Sdk\obsidium64.h">
      <Filter>Source Files</Filter>
    </ClInclude>
    <ClInclude Include="..\kdmaper\nt.hpp">
      <Filter>Source Files</Filter>
    </ClInclude>
    <ClInclude Include="..\kdmaper\intel_driver.hpp">
      <Filter>kdmapper</Filter>
    </ClInclude>
    <ClInclude Include="..\kdmaper\intel_driver_resource.hpp">
      <Filter>kdmapper</Filter>
    </ClInclude>
    <ClInclude Include="..\kdmaper\kdmapper.hpp">
      <Filter>kdmapper</Filter>
    </ClInclude>
    <ClInclude Include="..\kdmaper\portable_executable.hpp">
      <Filter>kdmapper</Filter>
    </ClInclude>
    <ClInclude Include="..\kdmaper\service.hpp">
      <Filter>kdmapper</Filter>
    </ClInclude>
    <ClInclude Include="..\kdmaper\utils.hpp">
      <Filter>kdmapper</Filter>
    </ClInclude>
    <ClInclude Include="bytes.h">
      <Filter>Source Files</Filter>
    </ClInclude>
    <ClInclude Include="resource.h">
      <Filter>Header Files</Filter>
    </ClInclude>
  </ItemGroup>
  <ItemGroup>
    <Library Include="..\Obsidium Sdk\keygen64.lib">
      <Filter>Source Files</Filter>
    </Library>
    <Library Include="..\Obsidium Sdk\obsidium64.a">
      <Filter>Source Files</Filter>
    </Library>
    <Library Include="..\Obsidium Sdk\obsidium64.lib">
      <Filter>Source Files</Filter>
    </Library>
  </ItemGroup>
  <ItemGroup>
    <None Include="..\Obsidium Sdk\keygen64.dll">
      <Filter>Source Files</Filter>
    </None>
    <None Include="..\Obsidium Sdk\obsidium sdk.zip">
      <Filter>Source Files</Filter>
    </None>
    <None Include="..\Obsidium Sdk\obsidium64.def">
      <Filter>Source Files</Filter>
    </None>
    <None Include="..\Obsidium Sdk\obsidium64.dll">
      <Filter>Source Files</Filter>
    </None>
    <None Include="..\kdmaper\kdmapper.vcxproj">
      <Filter>kdmapper</Filter>
    </None>
    <None Include="..\kdmaper\kdmapper.vcxproj.filters">
      <Filter>kdmapper</Filter>
    </None>
  </ItemGroup>
  <ItemGroup>
    <Object Include="..\Obsidium Sdk\obsidiumlib.obj">
      <Filter>Source Files</Filter>
    </Object>
  </ItemGroup>
  <ItemGroup>
    <ResourceCompile Include="Vertical Paid Woofer.rc">
      <Filter>Resource Files</Filter>
    </ResourceCompile>
  </ItemGroup>
</Project>